
Microsoft Visual Studio Solution File, Format Version 12.00
# Visual Studio Version 16
VisualStudioVersion = 16.0.28803.352
MinimumVisualStudioVersion = 10.0.40219.1
Project("{9A19103F-16F7-4668-BE54-9A1E7A4F7556}") = "SignalRChat", "SignalRChat\SignalRChat.csproj", "{F6D3C31D-AB0C-404E-9B5D-2DD634C2EB82}"
EndProject
Global
	GlobalSection(SolutionConfigurationPlatforms) = preSolution
		Debug|Any CPU = Debug|Any CPU
		Release|Any CPU = Release|Any CPU
	EndGlobalSection
	GlobalSection(ProjectConfigurationPlatforms) = postSolution
		{F6D3C31D-AB0C-404E-9B5D-2DD634C2EB82}.Debug|Any CPU.ActiveCfg = Debug|Any CPU
		{F6D3C31D-AB0C-404E-9B5D-2DD634C2EB82}.Debug|Any CPU.Build.0 = Debug|Any CPU
		{F6D3C31D-AB0C-404E-9B5D-2DD634C2EB82}.Release|Any CPU.ActiveCfg = Release|Any CPU
		{F6D3C31D-AB0C-404E-9B5D-2DD634C2EB82}.Release|Any CPU.Build.0 = Release|Any CPU
	EndGlobalSection
	GlobalSection(SolutionProperties) = preSolution
		HideSolutionNode = FALSE
	EndGlobalSection
	GlobalSection(ExtensibilityGlobals) = postSolution
		SolutionGuid = {89581D57-FBDE-4420-9042-C5781BE04B9B}
	EndGlobalSection
EndGlobal
